{
  "name": "vite-fre-hello",
  "version": "0.1.0",
  "lockfileVersion": 1,
  "requires": true,
  "dependencies": {
    "colorette": {
      "version": "1.2.2",
      "resolved": "https://registry.npm.taobao.org/colorette/download/colorette-1.2.2.tgz",
      "integrity": "sha1-y8x51emcrqLb8Q6zom/Ys+as+pQ="
    },
    "esbuild": {
      "version": "0.12.15",
      "resolved": "https://registry.nlark.com/esbuild/download/esbuild-0.12.15.tgz",
      "integrity": "sha1-nZnPOa6yGIJlxZg+mD4jaCnwivA="
    },
    "fre": {
      "version": "2.1.0",
      "resolved": "https://registry.nlark.com/fre/download/fre-2.1.0.tgz",
      "integrity": "sha1-MFLIHd+1NniJ3yQasmaiRkP0Svk="
    },
    "fsevents": {
      "version": "2.3.2",
      "resolved": "https://registry.npm.taobao.org/fsevents/download/fsevents-2.3.2.tgz?cache=0&sync_timestamp=1612536567961&other_urls=https%3A%2F%2Fregistry.npm.taobao.org%2Ffsevents%2Fdownload%2Ffsevents-2.3.2.tgz",
      "integrity": "sha1-ilJveLj99GI7cJ4Ll1xSwkwC/Ro=",
      "optional": true
    },
    "function-bind": {
      "version": "1.1.1",
      "resolved": "https://registry.npm.taobao.org/function-bind/download/function-bind-1.1.1.tgz",
      "integrity": "sha1-pWiZ0+o8m6uHS7l3O3xe3pL0iV0="
    },
    "has": {
      "version": "1.0.3",
      "resolved": "https://registry.npm.taobao.org/has/download/has-1.0.3.tgz",
      "integrity": "sha1-ci18v8H2qoJB8W3YFOAR4fQeh5Y=",
      "requires": {
        "function-bind": "^1.1.1"
      }
    },
    "is-core-module": {
      "version": "2.5.0",
      "resolved": "https://registry.nlark.com/is-core-module/download/is-core-module-2.5.0.tgz",
      "integrity": "sha1-91SENhfHC/0pt72HMnQAzaXBhJE=",
      "requires": {
        "has": "^1.0.3"
      }
    },
    "nanoid": {
      "version": "3.1.23",
      "resolved": "https://registry.nlark.com/nanoid/download/nanoid-3.1.23.tgz",
      "integrity": "sha1-90QIbOfCvEfuCoRyV01ceOQYOoE="
    },
    "path-parse": {
      "version": "1.0.7",
      "resolved": "https://registry.nlark.com/path-parse/download/path-parse-1.0.7.tgz",
      "integrity": "sha1-+8EUtgykKzDZ2vWFjkvWi77bZzU="
    },
    "postcss": {
      "version": "8.3.6",
      "resolved": "https://registry.nlark.com/postcss/download/postcss-8.3.6.tgz?cache=0&sync_timestamp=1626882933935&other_urls=https%3A%2F%2Fregistry.nlark.com%2Fpostcss%2Fdownload%2Fpostcss-8.3.6.tgz",
      "integrity": "sha1-JzDddql5afN/U7mmCWGXvjEcxOo=",
      "requires": {
        "colorette": "^1.2.2",
        "nanoid": "^3.1.23",
        "source-map-js": "^0.6.2"
      }
    },
    "resolve": {
      "version": "1.20.0",
      "resolved": "https://registry.npm.taobao.org/resolve/download/resolve-1.20.0.tgz",
      "integrity": "sha1-YpoBP7P3B1XW8LeTXMHCxTeLGXU=",
      "requires": {
        "is-core-module": "^2.2.0",
        "path-parse": "^1.0.6"
      }
    },
    "rollup": {
      "version": "2.53.3",
      "resolved": "https://registry.nlark.com/rollup/download/rollup-2.53.3.tgz",
      "integrity": "sha1-FLDlfwh01K0jvbsTBQz3C80eq/c=",
      "requires": {
        "fsevents": "~2.3.2"
      }
    },
    "source-map-js": {
      "version": "0.6.2",
      "resolved": "https://registry.npm.taobao.org/source-map-js/download/source-map-js-0.6.2.tgz",
      "integrity": "sha1-C7XeYxtBz72mz7qL0FqA79/SOF4="
    },
    "vite": {
      "version": "2.4.3",
      "resolved": "https://registry.nlark.com/vite/download/vite-2.4.3.tgz",
      "integrity": "sha1-/kqnjp3X02vLEuzL1SMTsmz633c=",
      "requires": {
        "esbuild": "^0.12.8",
        "fsevents": "~2.3.2",
        "postcss": "^8.3.5",
        "resolve": "^1.20.0",
        "rollup": "^2.38.5"
      }
    }
  }
}
